
Microsoft Visual Studio Solution File, Format Version 12.00
# Visual Studio Version 16
VisualStudioVersion = 25.0.1706.6
MinimumVisualStudioVersion = 10.0.40219.1
Project("{FAE04EC0-301F-11D3-BF4B-00C04F79EFBC}") = "DevFreela.API", "DevFreela.API.csproj", "{488E267A-4FBE-4696-A28A-4EAC49BD2A08}"
EndProject
Project("{FAE04EC0-301F-11D3-BF4B-00C04F79EFBC}") = "DevFreela.Core", "DevFreela.Core\DevFreela.Core.csproj", "{4602B1B2-1C15-4408-8606-B8F0AA29CB1C}"
EndProject
Project("{FAE04EC0-301F-11D3-BF4B-00C04F79EFBC}") = "DevFreela.Infrasctructure", "DevFreela.Infrasctructure\DevFreela.Infrasctructure.csproj", "{38D325B3-FD53-405B-8D9B-82507C053FB3}"
EndProject
Project("{FAE04EC0-301F-11D3-BF4B-00C04F79EFBC}") = "DevFreela.Application", "DevFreela.Application\DevFreela.Application.csproj", "{DD3CD5F5-80BA-4314-9D52-1FE2811B0A0F}"
EndProject
Global
	GlobalSection(SolutionConfigurationPlatforms) = preSolution
		Debug|Any CPU = Debug|Any CPU
		Release|Any CPU = Release|Any CPU
	EndGlobalSection
	GlobalSection(ProjectConfigurationPlatforms) = postSolution
		{488E267A-4FBE-4696-A28A-4EAC49BD2A08}.Debug|Any CPU.ActiveCfg = Debug|Any CPU
		{488E267A-4FBE-4696-A28A-4EAC49BD2A08}.Debug|Any CPU.Build.0 = Debug|Any CPU
		{488E267A-4FBE-4696-A28A-4EAC49BD2A08}.Release|Any CPU.ActiveCfg = Release|Any CPU
		{488E267A-4FBE-4696-A28A-4EAC49BD2A08}.Release|Any CPU.Build.0 = Release|Any CPU
		{4602B1B2-1C15-4408-8606-B8F0AA29CB1C}.Debug|Any CPU.ActiveCfg = Debug|Any CPU
		{4602B1B2-1C15-4408-8606-B8F0AA29CB1C}.Debug|Any CPU.Build.0 = Debug|Any CPU
		{4602B1B2-1C15-4408-8606-B8F0AA29CB1C}.Release|Any CPU.ActiveCfg = Release|Any CPU
		{4602B1B2-1C15-4408-8606-B8F0AA29CB1C}.Release|Any CPU.Build.0 = Release|Any CPU
		{38D325B3-FD53-405B-8D9B-82507C053FB3}.Debug|Any CPU.ActiveCfg = Debug|Any CPU
		{38D325B3-FD53-405B-8D9B-82507C053FB3}.Debug|Any CPU.Build.0 = Debug|Any CPU
		{38D325B3-FD53-405B-8D9B-82507C053FB3}.Release|Any CPU.ActiveCfg = Release|Any CPU
		{38D325B3-FD53-405B-8D9B-82507C053FB3}.Release|Any CPU.Build.0 = Release|Any CPU
		{DD3CD5F5-80BA-4314-9D52-1FE2811B0A0F}.Debug|Any CPU.ActiveCfg = Debug|Any CPU
		{DD3CD5F5-80BA-4314-9D52-1FE2811B0A0F}.Debug|Any CPU.Build.0 = Debug|Any CPU
		{DD3CD5F5-80BA-4314-9D52-1FE2811B0A0F}.Release|Any CPU.ActiveCfg = Release|Any CPU
		{DD3CD5F5-80BA-4314-9D52-1FE2811B0A0F}.Release|Any CPU.Build.0 = Release|Any CPU
	EndGlobalSection
	GlobalSection(SolutionProperties) = preSolution
		HideSolutionNode = FALSE
	EndGlobalSection
	GlobalSection(ExtensibilityGlobals) = postSolution
		SolutionGuid = {B9D7ED45-612A-4DE7-AD6F-333441E14C7F}
	EndGlobalSection
EndGlobal
